{
  "nodes": {
    "citron-src": {
      "flake": false,
      "locked": {
        "lastModified": 1765330355,
        "narHash": "sha256-eqL/QGz6hC+oE51KvogpdReQi/O5xBmpEi7xij6KDw4=",
        "ref": "refs/heads/main",
        "rev": "f1c935fc23b88e5d659ad12472d59f765a8ee9e0",
        "revCount": 27765,
        "submodules": true,
        "type": "git",
        "url": "https://git.citron-emu.org/Citron/Emulator.git"
      },
      "original": {
        "submodules": true,
        "type": "git",
        "url": "https://git.citron-emu.org/Citron/Emulator.git"
      }
    },
    "nixpkgs": {
      "locked": {
        "lastModified": 1765186076,
        "narHash": "sha256-hM20uyap1a0M9d344I692r+ik4gTMyj60cQWO+hAYP8=",
        "owner": "NixOS",
        "repo": "nixpkgs",
        "rev": "addf7cf5f383a3101ecfba091b98d0a1263dc9b8",
        "type": "github"
      },
      "original": {
        "owner": "NixOS",
        "ref": "nixos-unstable",
        "repo": "nixpkgs",
        "type": "github"
      }
    },
    "nx-tzdb": {
      "flake": false,
      "locked": {
        "lastModified": 1697056572,
        "narHash": "sha256-YOIElcKTiclem05trZsA3YJReozu/ex7jJAKD6nAMwc=",
        "type": "tarball",
        "url": "https://github.com/lat9nq/tzdb_to_nx/releases/download/221202/221202.zip"
      },
      "original": {
        "type": "tarball",
        "url": "https://github.com/lat9nq/tzdb_to_nx/releases/download/221202/221202.zip"
      }
    },
    "root": {
      "inputs": {
        "citron-src": "citron-src",
        "nixpkgs": "nixpkgs",
        "nx-tzdb": "nx-tzdb"
      }
    }
  },
  "root": "root",
  "version": 7
}
