{
  "nodes": {
    "citron-src": {
      "flake": false,
      "locked": {
        "lastModified": 1769919506,
        "narHash": "sha256-tTYQtW7JqDcX5nDUf1pUj5m24/u4PUrotm2l3u1ZhrE=",
        "ref": "refs/heads/main",
        "rev": "544456b8be86b9d75453acc2ae87fd5d9768fa36",
        "revCount": 28124,
        "submodules": true,
        "type": "git",
        "url": "https://git.citron-emu.org/Citron/Emulator.git"
      },
      "original": {
        "submodules": true,
        "type": "git",
        "url": "https://git.citron-emu.org/Citron/Emulator.git"
      }
    },
    "nixpkgs": {
      "locked": {
        "lastModified": 1769789167,
        "narHash": "sha256-kKB3bqYJU5nzYeIROI82Ef9VtTbu4uA3YydSk/Bioa8=",
        "owner": "NixOS",
        "repo": "nixpkgs",
        "rev": "62c8382960464ceb98ea593cb8321a2cf8f9e3e5",
        "type": "github"
      },
      "original": {
        "owner": "NixOS",
        "ref": "nixos-unstable",
        "repo": "nixpkgs",
        "type": "github"
      }
    },
    "nx-tzdb": {
      "flake": false,
      "locked": {
        "lastModified": 1697056572,
        "narHash": "sha256-YOIElcKTiclem05trZsA3YJReozu/ex7jJAKD6nAMwc=",
        "type": "tarball",
        "url": "https://github.com/lat9nq/tzdb_to_nx/releases/download/221202/221202.zip"
      },
      "original": {
        "type": "tarball",
        "url": "https://github.com/lat9nq/tzdb_to_nx/releases/download/221202/221202.zip"
      }
    },
    "root": {
      "inputs": {
        "citron-src": "citron-src",
        "nixpkgs": "nixpkgs",
        "nx-tzdb": "nx-tzdb"
      }
    }
  },
  "root": "root",
  "version": 7
}
